
Microsoft Visual Studio Solution File, Format Version 12.00
# Visual Studio 2012
Project("{FAE04EC0-301F-11D3-BF4B-00C04F79EFBC}") = "ODataValidator.RuleEngine", "RuleEngine\ODataValidator.RuleEngine.csproj", "{E6719D28-3A5A-4ACB-B8BE-A9A481496E07}"
EndProject
Project("{FAE04EC0-301F-11D3-BF4B-00C04F79EFBC}") = "ODataValidator.CodeRules", "CodeRules\ODataValidator.CodeRules.csproj", "{A1A00CDB-3BB3-4881-9B7A-4D6196C37E37}"
EndProject
Project("{FAE04EC0-301F-11D3-BF4B-00C04F79EFBC}") = "ODataValidator.XmlRules", "XmlRules\ODataValidator.XmlRules.csproj", "{15CF871C-65FC-4335-977C-67B343316FBF}"
EndProject
Project("{FAE04EC0-301F-11D3-BF4B-00C04F79EFBC}") = "ODataValidator.ValidationService", "ODataValidationService\ODataValidator.ValidationService.csproj", "{A2C87755-312A-4D1D-994A-066B05618C45}"
EndProject
Global
	GlobalSection(SolutionConfigurationPlatforms) = preSolution
		Debug|Any CPU = Debug|Any CPU
		Release|Any CPU = Release|Any CPU
	EndGlobalSection
	GlobalSection(ProjectConfigurationPlatforms) = postSolution
		{E6719D28-3A5A-4ACB-B8BE-A9A481496E07}.Debug|Any CPU.ActiveCfg = Debug|Any CPU
		{E6719D28-3A5A-4ACB-B8BE-A9A481496E07}.Debug|Any CPU.Build.0 = Debug|Any CPU
		{E6719D28-3A5A-4ACB-B8BE-A9A481496E07}.Release|Any CPU.ActiveCfg = Release|Any CPU
		{E6719D28-3A5A-4ACB-B8BE-A9A481496E07}.Release|Any CPU.Build.0 = Release|Any CPU
		{A1A00CDB-3BB3-4881-9B7A-4D6196C37E37}.Debug|Any CPU.ActiveCfg = Debug|Any CPU
		{A1A00CDB-3BB3-4881-9B7A-4D6196C37E37}.Debug|Any CPU.Build.0 = Debug|Any CPU
		{A1A00CDB-3BB3-4881-9B7A-4D6196C37E37}.Release|Any CPU.ActiveCfg = Release|Any CPU
		{A1A00CDB-3BB3-4881-9B7A-4D6196C37E37}.Release|Any CPU.Build.0 = Release|Any CPU
		{15CF871C-65FC-4335-977C-67B343316FBF}.Debug|Any CPU.ActiveCfg = Debug|Any CPU
		{15CF871C-65FC-4335-977C-67B343316FBF}.Debug|Any CPU.Build.0 = Debug|Any CPU
		{15CF871C-65FC-4335-977C-67B343316FBF}.Release|Any CPU.ActiveCfg = Release|Any CPU
		{A2C87755-312A-4D1D-994A-066B05618C45}.Debug|Any CPU.ActiveCfg = Debug|Any CPU
		{A2C87755-312A-4D1D-994A-066B05618C45}.Debug|Any CPU.Build.0 = Debug|Any CPU
		{A2C87755-312A-4D1D-994A-066B05618C45}.Release|Any CPU.ActiveCfg = Release|Any CPU
		{A2C87755-312A-4D1D-994A-066B05618C45}.Release|Any CPU.Build.0 = Release|Any CPU
	EndGlobalSection
	GlobalSection(SolutionProperties) = preSolution
		HideSolutionNode = FALSE
	EndGlobalSection
EndGlobal
